# This file is automatically @generated by Poetry 1.5.1 and should not be changed by hand.

[[package]]
name = "aiogrpc"
version = "1.8"
description = "asyncio wrapper for grpc.io"
optional = false
python-versions = ">=3.6"
files = [
    {file = "aiogrpc-1.8-py3-none-any.whl", hash = "sha256:d01e6906927649646dcd938c7d46bf718f427473450db0af6343acc2ed2cfa4d"},
    {file = "aiogrpc-1.8.tar.gz", hash = "sha256:472155a52850bd4b9493a994079f9c12c65324f02fe6466e636470127fc32aaf"},
]

[package.dependencies]
grpcio = ">=1.12.0"

[[package]]
name = "appdirs"
version = "1.4.4"
description = "A small Python module for determining appropriate platform-specific dirs, e.g. a \"user data dir\"."
optional = false
python-versions = "*"
files = [
    {file = "appdirs-1.4.4-py2.py3-none-any.whl", hash = "sha256:a841dacd6b99318a741b166adb07e19ee71a274450e68237b4650ca1055ab128"},
    {file = "appdirs-1.4.4.tar.gz", hash = "sha256:7d5d0167b2b1ba821647616af46a749d1c653740dd0d2415100fe26e27afdf41"},
]

[[package]]
name = "click"
version = "8.1.3"
description = "Composable command line interface toolkit"
optional = false
python-versions = ">=3.7"
files = [
    {file = "click-8.1.3-py3-none-any.whl", hash = "sha256:bb4d8133cb15a609f44e8213d9b391b0809795062913b383c62be0ee95b1db48"},
    {file = "click-8.1.3.tar.gz", hash = "sha256:7682dc8afb30297001674575ea00d1814d808d6a36af415a82bd481d37ba7b8e"},
]

[package.dependencies]
colorama = {version = "*", markers = "platform_system == \"Windows\""}

[[package]]
name = "colorama"
version = "0.4.5"
description = "Cross-platform colored terminal text."
optional = false
python-versions = ">=2.7, !=3.0.*, !=3.1.*, !=3.2.*, !=3.3.*, !=3.4.*"
files = [
    {file = "colorama-0.4.5-py2.py3-none-any.whl", hash = "sha256:854bf444933e37f5824ae7bfc1e98d5bce2ebe4160d46b5edf346a89358e99da"},
    {file = "colorama-0.4.5.tar.gz", hash = "sha256:e6c6b4334fc50988a639d9b98aa429a0b57da6e17b9a44f0451f930b6967b7a4"},
]

[[package]]
name = "googleapis-common-protos"
version = "1.56.4"
description = "Common protobufs used in Google APIs"
optional = false
python-versions = ">=3.7"
files = [
    {file = "googleapis-common-protos-1.56.4.tar.gz", hash = "sha256:c25873c47279387cfdcbdafa36149887901d36202cb645a0e4f29686bf6e4417"},
    {file = "googleapis_common_protos-1.56.4-py2.py3-none-any.whl", hash = "sha256:8eb2cbc91b69feaf23e32452a7ae60e791e09967d81d4fcc7fc388182d1bd394"},
]

[package.dependencies]
protobuf = ">=3.15.0,<5.0.0dev"

[package.extras]
grpc = ["grpcio (>=1.0.0,<2.0.0dev)"]

[[package]]
name = "grpcio"
version = "1.56.0"
description = "HTTP/2-based RPC framework"
optional = false
python-versions = ">=3.7"
files = [
    {file = "grpcio-1.56.0-cp310-cp310-linux_armv7l.whl", hash = "sha256:fb34ace11419f1ae321c36ccaa18d81cd3f20728cd191250be42949d6845bb2d"},
    {file = "grpcio-1.56.0-cp310-cp310-macosx_12_0_universal2.whl", hash = "sha256:008767c0aed4899e657b50f2e0beacbabccab51359eba547f860e7c55f2be6ba"},
    {file = "grpcio-1.56.0-cp310-cp310-manylinux_2_17_aarch64.whl", hash = "sha256:17f47aeb9be0da5337f9ff33ebb8795899021e6c0741ee68bd69774a7804ca86"},
    {file = "grpcio-1.56.0-cp310-cp310-manylinux_2_17_i686.manylinux2014_i686.whl", hash = "sha256:43c50d810cc26349b093bf2cfe86756ab3e9aba3e7e681d360930c1268e1399a"},
    {file = "grpcio-1.56.0-cp310-cp310-manylinux_2_17_x86_64.manylinux2014_x86_64.whl", hash = "sha256:187b8f71bad7d41eea15e0c9812aaa2b87adfb343895fffb704fb040ca731863"},
    {file = "grpcio-1.56.0-cp310-cp310-musllinux_1_1_i686.whl", hash = "sha256:881575f240eb5db72ddca4dc5602898c29bc082e0d94599bf20588fb7d1ee6a0"},
    {file = "grpcio-1.56.0-cp310-cp310-musllinux_1_1_x86_64.whl", hash = "sha256:c243b158dd7585021d16c50498c4b2ec0a64a6119967440c5ff2d8c89e72330e"},
    {file = "grpcio-1.56.0-cp310-cp310-win32.whl", hash = "sha256:8b3b2c7b5feef90bc9a5fa1c7f97637e55ec3e76460c6d16c3013952ee479cd9"},
    {file = "grpcio-1.56.0-cp310-cp310-win_amd64.whl", hash = "sha256:03a80451530fd3b8b155e0c4480434f6be669daf7ecba56f73ef98f94222ee01"},
    {file = "grpcio-1.56.0-cp311-cp311-linux_armv7l.whl", hash = "sha256:64bd3abcf9fb4a9fa4ede8d0d34686314a7075f62a1502217b227991d9ca4245"},
    {file = "grpcio-1.56.0-cp311-cp311-macosx_10_10_universal2.whl", hash = "sha256:fdc3a895791af4addbb826808d4c9c35917c59bb5c430d729f44224e51c92d61"},
    {file = "grpcio-1.56.0-cp311-cp311-manylinux_2_17_aarch64.whl", hash = "sha256:4f84a6fd4482e5fe73b297d4874b62a535bc75dc6aec8e9fe0dc88106cd40397"},
    {file = "grpcio-1.56.0-cp311-cp311-manylinux_2_17_i686.manylinux2014_i686.whl", hash = "sha256:14e70b4dda3183abea94c72d41d5930c333b21f8561c1904a372d80370592ef3"},
    {file = "grpcio-1.56.0-cp311-cp311-manylinux_2_17_x86_64.manylinux2014_x86_64.whl", hash = "sha256:6b5ce42a5ebe3e04796246ba50357f1813c44a6efe17a37f8dc7a5c470377312"},
    {file = "grpcio-1.56.0-cp311-cp311-musllinux_1_1_i686.whl", hash = "sha256:8219f17baf069fe8e42bd8ca0b312b875595e43a70cabf397be4fda488e2f27d"},
    {file = "grpcio-1.56.0-cp311-cp311-musllinux_1_1_x86_64.whl", hash = "sha256:defdd14b518e6e468466f799aaa69db0355bca8d3a5ea75fb912d28ba6f8af31"},
    {file = "grpcio-1.56.0-cp311-cp311-win32.whl", hash = "sha256:50f4daa698835accbbcc60e61e0bc29636c0156ddcafb3891c987e533a0031ba"},
    {file = "grpcio-1.56.0-cp311-cp311-win_amd64.whl", hash = "sha256:59c4e606993a47146fbeaf304b9e78c447f5b9ee5641cae013028c4cca784617"},
    {file = "grpcio-1.56.0-cp37-cp37m-linux_armv7l.whl", hash = "sha256:b1f4b6f25a87d80b28dd6d02e87d63fe1577fe6d04a60a17454e3f8077a38279"},
    {file = "grpcio-1.56.0-cp37-cp37m-macosx_10_10_universal2.whl", hash = "sha256:c2148170e01d464d41011a878088444c13413264418b557f0bdcd1bf1b674a0e"},
    {file = "grpcio-1.56.0-cp37-cp37m-manylinux_2_17_aarch64.whl", hash = "sha256:0409de787ebbf08c9d2bca2bcc7762c1efe72eada164af78b50567a8dfc7253c"},
    {file = "grpcio-1.56.0-cp37-cp37m-manylinux_2_17_i686.manylinux2014_i686.whl", hash = "sha256:66f0369d27f4c105cd21059d635860bb2ea81bd593061c45fb64875103f40e4a"},
    {file = "grpcio-1.56.0-cp37-cp37m-manylinux_2_17_x86_64.manylinux2014_x86_64.whl", hash = "sha256:38fdf5bd0a1c754ce6bf9311a3c2c7ebe56e88b8763593316b69e0e9a56af1de"},
    {file = "grpcio-1.56.0-cp37-cp37m-musllinux_1_1_i686.whl", hash = "sha256:79d4c5911d12a7aa671e5eb40cbb50a830396525014d2d6f254ea2ba180ce637"},
    {file = "grpcio-1.56.0-cp37-cp37m-musllinux_1_1_x86_64.whl", hash = "sha256:5d2fc471668a7222e213f86ef76933b18cdda6a51ea1322034478df8c6519959"},
    {file = "grpcio-1.56.0-cp37-cp37m-win_amd64.whl", hash = "sha256:991224fd485e088d3cb5e34366053691a4848a6b7112b8f5625a411305c26691"},
    {file = "grpcio-1.56.0-cp38-cp38-linux_armv7l.whl", hash = "sha256:c6f36621aabecbaff3e70c4d1d924c76c8e6a7ffec60c331893640a4af0a8037"},
    {file = "grpcio-1.56.0-cp38-cp38-macosx_10_10_universal2.whl", hash = "sha256:1eadd6de258901929223f422ffed7f8b310c0323324caf59227f9899ea1b1674"},
    {file = "grpcio-1.56.0-cp38-cp38-manylinux_2_17_aarch64.whl", hash = "sha256:72836b5a1d4f508ffbcfe35033d027859cc737972f9dddbe33fb75d687421e2e"},
    {file = "grpcio-1.56.0-cp38-cp38-manylinux_2_17_i686.manylinux2014_i686.whl", hash = "sha256:f92a99ab0c7772fb6859bf2e4f44ad30088d18f7c67b83205297bfb229e0d2cf"},
    {file = "grpcio-1.56.0-cp38-cp38-manylinux_2_17_x86_64.manylinux2014_x86_64.whl", hash = "sha256:aa08affbf672d051cd3da62303901aeb7042a2c188c03b2c2a2d346fc5e81c14"},
    {file = "grpcio-1.56.0-cp38-cp38-musllinux_1_1_i686.whl", hash = "sha256:e2db108b4c8e29c145e95b0226973a66d73ae3e3e7fae00329294af4e27f1c42"},
    {file = "grpcio-1.56.0-cp38-cp38-musllinux_1_1_x86_64.whl", hash = "sha256:8674fdbd28266d8efbcddacf4ec3643f76fe6376f73283fd63a8374c14b0ef7c"},
    {file = "grpcio-1.56.0-cp38-cp38-win32.whl", hash = "sha256:bd55f743e654fb050c665968d7ec2c33f03578a4bbb163cfce38024775ff54cc"},
    {file = "grpcio-1.56.0-cp38-cp38-win_amd64.whl", hash = "sha256:c63bc5ac6c7e646c296fed9139097ae0f0e63f36f0864d7ce431cce61fe0118a"},
    {file = "grpcio-1.56.0-cp39-cp39-linux_armv7l.whl", hash = "sha256:c0bc9dda550785d23f4f025be614b7faa8d0293e10811f0f8536cf50435b7a30"},
    {file = "grpcio-1.56.0-cp39-cp39-macosx_10_10_universal2.whl", hash = "sha256:d596408bab632ec7b947761e83ce6b3e7632e26b76d64c239ba66b554b7ee286"},
    {file = "grpcio-1.56.0-cp39-cp39-manylinux_2_17_aarch64.whl", hash = "sha256:76b6e6e1ee9bda32e6e933efd61c512e9a9f377d7c580977f090d1a9c78cca44"},
    {file = "grpcio-1.56.0-cp39-cp39-manylinux_2_17_i686.manylinux2014_i686.whl", hash = "sha256:7beb84ebd0a3f732625124b73969d12b7350c5d9d64ddf81ae739bbc63d5b1ed"},
    {file = "grpcio-1.56.0-cp39-cp39-manylinux_2_17_x86_64.manylinux2014_x86_64.whl", hash = "sha256:83ec714bbbe9b9502177c842417fde39f7a267031e01fa3cd83f1ca49688f537"},
    {file = "grpcio-1.56.0-cp39-cp39-musllinux_1_1_i686.whl", hash = "sha256:4feee75565d1b5ab09cb3a5da672b84ca7f6dd80ee07a50f5537207a9af543a4"},
    {file = "grpcio-1.56.0-cp39-cp39-musllinux_1_1_x86_64.whl", hash = "sha256:b4638a796778329cc8e142e4f57c705adb286b3ba64e00b0fa91eeb919611be8"},
    {file = "grpcio-1.56.0-cp39-cp39-win32.whl", hash = "sha256:437af5a7673bca89c4bc0a993382200592d104dd7bf55eddcd141cef91f40bab"},
    {file = "grpcio-1.56.0-cp39-cp39-win_amd64.whl", hash = "sha256:4241a1c2c76e748023c834995cd916570e7180ee478969c2d79a60ce007bc837"},
    {file = "grpcio-1.56.0.tar.gz", hash = "sha256:4c08ee21b3d10315b8dc26f6c13917b20ed574cdbed2d2d80c53d5508fdcc0f2"},
]

[package.extras]
protobuf = ["grpcio-tools (>=1.56.0)"]

[[package]]
name = "grpcio-tools"
version = "1.48.2"
description = "Protobuf code generator for gRPC"
optional = false
python-versions = ">=3.6"
files = [
    {file = "grpcio-tools-1.48.2.tar.gz", hash = "sha256:8902a035708555cddbd61b5467cea127484362decc52de03f061a1a520fe90cd"},
    {file = "grpcio_tools-1.48.2-cp310-cp310-linux_armv7l.whl", hash = "sha256:92acc3e10ba2b0dcb90a88ae9fe1cc0ffba6868545207e4ff20ca95284f8e3c9"},
    {file = "grpcio_tools-1.48.2-cp310-cp310-macosx_10_10_x86_64.whl", hash = "sha256:e5bb396d63495667d4df42e506eed9d74fc9a51c99c173c04395fe7604c848f1"},
    {file = "grpcio_tools-1.48.2-cp310-cp310-manylinux_2_17_aarch64.whl", hash = "sha256:84a84d601a238572d049d3108e04fe4c206536e81076d56e623bd525a1b38def"},
    {file = "grpcio_tools-1.48.2-cp310-cp310-manylinux_2_17_i686.manylinux2014_i686.whl", hash = "sha256:70564521e86a0de35ea9ac6daecff10cb46860aec469af65869974807ce8e98b"},
    {file = "grpcio_tools-1.48.2-cp310-cp310-manylinux_2_17_x86_64.manylinux2014_x86_64.whl", hash = "sha256:bdbbe63f6190187de5946891941629912ac8196701ed2253fa91624a397822ec"},
    {file = "grpcio_tools-1.48.2-cp310-cp310-musllinux_1_1_i686.whl", hash = "sha256:ae56f133b05b7e5d780ef7e032dd762adad7f3dc8f64adb43ff5bfabd659f435"},
    {file = "grpcio_tools-1.48.2-cp310-cp310-musllinux_1_1_x86_64.whl", hash = "sha256:f0feb4f2b777fa6377e977faa89c26359d4f31953de15e035505b92f41aa6906"},
    {file = "grpcio_tools-1.48.2-cp310-cp310-win32.whl", hash = "sha256:80f450272316ca0924545f488c8492649ca3aeb7044d4bf59c426dcdee527f7c"},
    {file = "grpcio_tools-1.48.2-cp310-cp310-win_amd64.whl", hash = "sha256:21ff50e321736eba22210bf9b94e05391a9ac345f26e7df16333dc75d63e74fb"},
    {file = "grpcio_tools-1.48.2-cp36-cp36m-linux_armv7l.whl", hash = "sha256:d598ccde6338b2cfbb3124f34c95f03394209013f9b1ed4a5360a736853b1c27"},
    {file = "grpcio_tools-1.48.2-cp36-cp36m-macosx_10_10_x86_64.whl", hash = "sha256:a43d26714933f23de93ea0bf9c86c66a6ede709b8ca32e357f9e2181703e64ae"},
    {file = "grpcio_tools-1.48.2-cp36-cp36m-manylinux_2_17_aarch64.whl", hash = "sha256:55fdebc73fb580717656b1bafa4f8eca448726a7aa22726a6c0a7895d2f0f088"},
    {file = "grpcio_tools-1.48.2-cp36-cp36m-manylinux_2_17_i686.manylinux2014_i686.whl", hash = "sha256:8588819b22d0de3aa1951e1991cc3e4b9aa105eecf6e3e24eb0a2fc8ab958b3e"},
    {file = "grpcio_tools-1.48.2-cp36-cp36m-manylinux_2_17_x86_64.manylinux2014_x86_64.whl", hash = "sha256:9771d4d317dca029dfaca7ec9282d8afe731c18bc536ece37fd39b8a974cc331"},
    {file = "grpcio_tools-1.48.2-cp36-cp36m-musllinux_1_1_i686.whl", hash = "sha256:d886a9e052a038642b3af5d18e6f2085d1656d9788e202dc23258cf3a751e7ca"},
    {file = "grpcio_tools-1.48.2-cp36-cp36m-musllinux_1_1_x86_64.whl", hash = "sha256:d77e8b1613876e0d8fd17709509d4ceba13492816426bd156f7e88a4c47e7158"},
    {file = "grpcio_tools-1.48.2-cp36-cp36m-win32.whl", hash = "sha256:dcaaecdd5e847de5c1d533ea91522bf56c9e6b2dc98cdc0d45f0a1c26e846ea2"},
    {file = "grpcio_tools-1.48.2-cp36-cp36m-win_amd64.whl", hash = "sha256:0119aabd9ceedfdf41b56b9fdc8284dd85a7f589d087f2694d743f346a368556"},
    {file = "grpcio_tools-1.48.2-cp37-cp37m-linux_armv7l.whl", hash = "sha256:189be2a9b672300ca6845d94016bdacc052fdbe9d1ae9e85344425efae2ff8ef"},
    {file = "grpcio_tools-1.48.2-cp37-cp37m-macosx_10_10_x86_64.whl", hash = "sha256:9443f5c30bac449237c3cf99da125f8d6e6c01e17972bc683ee73b75dea95573"},
    {file = "grpcio_tools-1.48.2-cp37-cp37m-manylinux_2_17_aarch64.whl", hash = "sha256:e0403e095b343431195db1305248b50019ad55d3dd310254431af87e14ef83a2"},
    {file = "grpcio_tools-1.48.2-cp37-cp37m-manylinux_2_17_i686.manylinux2014_i686.whl", hash = "sha256:5410d6b601d1404835e34466bd8aee37213489b36ee1aad2276366e265ff29d4"},
    {file = "grpcio_tools-1.48.2-cp37-cp37m-manylinux_2_17_x86_64.manylinux2014_x86_64.whl", hash = "sha256:51be91b7c7056ff9ee48b1eccd4a2840b0126230803a5e09dfc082a5b16a91c1"},
    {file = "grpcio_tools-1.48.2-cp37-cp37m-musllinux_1_1_i686.whl", hash = "sha256:516eedd5eb7af6326050bc2cfceb3a977b9cc1144f283c43cc4956905285c912"},
    {file = "grpcio_tools-1.48.2-cp37-cp37m-musllinux_1_1_x86_64.whl", hash = "sha256:d18599ab572b2f15a8f3db49503272d1bb4fcabb4b4d1214ef03aca1816b20a0"},
    {file = "grpcio_tools-1.48.2-cp37-cp37m-win32.whl", hash = "sha256:d18ef2adc05a8ef9e58ac46357f6d4ce7e43e077c7eda0a4425773461f9d0e6e"},
    {file = "grpcio_tools-1.48.2-cp37-cp37m-win_amd64.whl", hash = "sha256:6d9753944e5a6b6b78b76ce9d2ae0fe3f748008c1849deb7fadcb64489d6553b"},
    {file = "grpcio_tools-1.48.2-cp38-cp38-linux_armv7l.whl", hash = "sha256:3c8749dca04a8d302862ceeb1dfbdd071ee13b281395975f24405a347e5baa57"},
    {file = "grpcio_tools-1.48.2-cp38-cp38-macosx_10_10_x86_64.whl", hash = "sha256:7307dd2408b82ea545ae63502ec03036b025f449568556ea9a056e06129a7a4e"},
    {file = "grpcio_tools-1.48.2-cp38-cp38-manylinux_2_17_aarch64.whl", hash = "sha256:072234859f6069dc43a6be8ad6b7d682f4ba1dc2e2db2ebf5c75f62eee0f6dfb"},
    {file = "grpcio_tools-1.48.2-cp38-cp38-manylinux_2_17_i686.manylinux2014_i686.whl", hash = "sha256:6cc298fbfe584de8876a85355efbcf796dfbcfac5948c9560f5df82e79336e2a"},
    {file = "grpcio_tools-1.48.2-cp38-cp38-manylinux_2_17_x86_64.manylinux2014_x86_64.whl", hash = "sha256:f75973a42c710999acd419968bc79f00327e03e855bbe82c6529e003e49af660"},
    {file = "grpcio_tools-1.48.2-cp38-cp38-musllinux_1_1_i686.whl", hash = "sha256:f766050e491d0b3203b6b85638015f543816a2eb7d089fc04e86e00f6de0e31d"},
    {file = "grpcio_tools-1.48.2-cp38-cp38-musllinux_1_1_x86_64.whl", hash = "sha256:8e0d74403484eb77e8df2566a64b8b0b484b5c87903678c381634dd72f252d5e"},
    {file = "grpcio_tools-1.48.2-cp38-cp38-win32.whl", hash = "sha256:cb75bac0cd43858cb759ef103fe68f8c540cb58b63dda127e710228fec3007b8"},
    {file = "grpcio_tools-1.48.2-cp38-cp38-win_amd64.whl", hash = "sha256:cabc8b0905cedbc3b2b7b2856334fa35cce3d4bc79ae241cacd8cca8940a5c85"},
    {file = "grpcio_tools-1.48.2-cp39-cp39-linux_armv7l.whl", hash = "sha256:e712a6d00606ad19abdeae852a7e521d6f6d0dcea843708fecf3a38be16a851e"},
    {file = "grpcio_tools-1.48.2-cp39-cp39-macosx_10_10_x86_64.whl", hash = "sha256:e7e7668f89fd598c5469bb58e16bfd12b511d9947ccc75aec94da31f62bc3758"},
    {file = "grpcio_tools-1.48.2-cp39-cp39-manylinux_2_17_aarch64.whl", hash = "sha256:a415fbec67d4ff7efe88794cbe00cf548d0f0a5484cceffe0a0c89d47694c491"},
    {file = "grpcio_tools-1.48.2-cp39-cp39-manylinux_2_17_i686.manylinux2014_i686.whl", hash = "sha256:d96e96ae7361aa51c9cd9c73b677b51f691f98df6086860fcc3c45852d96b0b0"},
    {file = "grpcio_tools-1.48.2-cp39-cp39-manylinux_2_17_x86_64.manylinux2014_x86_64.whl", hash = "sha256:e20d7885a40e68a2bda92908acbabcdf3c14dd386c3845de73ba139e9df1f132"},
    {file = "grpcio_tools-1.48.2-cp39-cp39-musllinux_1_1_i686.whl", hash = "sha256:8a5614251c46da07549e24f417cf989710250385e9d80deeafc53a0ee7df6325"},
    {file = "grpcio_tools-1.48.2-cp39-cp39-musllinux_1_1_x86_64.whl", hash = "sha256:ace0035766fe01a1b096aa050be9f0a9f98402317e7aeff8bfe55349be32a407"},
    {file = "grpcio_tools-1.48.2-cp39-cp39-win32.whl", hash = "sha256:4fa4300b1be59b046492ed3c5fdb59760bc6433f44c08f50de900f9552ec7461"},
    {file = "grpcio_tools-1.48.2-cp39-cp39-win_amd64.whl", hash = "sha256:0fb6c1c1e56eb26b224adc028a4204b6ad0f8b292efa28067dff273bbc8b27c4"},
]

[package.dependencies]
grpcio = ">=1.48.2"
protobuf = ">=3.12.0,<4.0dev"
setuptools = "*"

[[package]]
name = "importlib-resources"
version = "5.9.0"
description = "Read resources from Python packages"
optional = false
python-versions = ">=3.7"
files = [
    {file = "importlib_resources-5.9.0-py3-none-any.whl", hash = "sha256:f78a8df21a79bcc30cfd400bdc38f314333de7c0fb619763f6b9dabab8268bb7"},
    {file = "importlib_resources-5.9.0.tar.gz", hash = "sha256:5481e97fb45af8dcf2f798952625591c58fe599d0735d86b10f54de086a61681"},
]

[package.dependencies]
zipp = {version = ">=3.1.0", markers = "python_version < \"3.10\""}

[package.extras]
docs = ["jaraco.packaging (>=9)", "jaraco.tidelift (>=1.4)", "rst.linker (>=1.9)", "sphinx"]
testing = ["pytest (>=6)", "pytest-black (>=0.3.7)", "pytest-checkdocs (>=2.4)", "pytest-cov", "pytest-enabler (>=1.3)", "pytest-flake8", "pytest-mypy (>=0.9.1)"]

[[package]]
name = "jedi"
version = "0.18.1"
description = "An autocompletion tool for Python that can be used for text editors."
optional = false
python-versions = ">=3.6"
files = [
    {file = "jedi-0.18.1-py2.py3-none-any.whl", hash = "sha256:637c9635fcf47945ceb91cd7f320234a7be540ded6f3e99a50cb6febdfd1ba8d"},
    {file = "jedi-0.18.1.tar.gz", hash = "sha256:74137626a64a99c8eb6ae5832d99b3bdd7d29a3850fe2aa80a4126b2a7d949ab"},
]

[package.dependencies]
parso = ">=0.8.0,<0.9.0"

[package.extras]
qa = ["flake8 (==3.8.3)", "mypy (==0.782)"]
testing = ["Django (<3.1)", "colorama", "docopt", "pytest (<7.0.0)"]

[[package]]
name = "parso"
version = "0.8.3"
description = "A Python Parser"
optional = false
python-versions = ">=3.6"
files = [
    {file = "parso-0.8.3-py2.py3-none-any.whl", hash = "sha256:c001d4636cd3aecdaf33cbb40aebb59b094be2a74c556778ef5576c175e19e75"},
    {file = "parso-0.8.3.tar.gz", hash = "sha256:8c07be290bb59f03588915921e29e8a50002acaf2cdc5fa0e0114f91709fafa0"},
]

[package.extras]
qa = ["flake8 (==3.8.3)", "mypy (==0.782)"]
testing = ["docopt", "pytest (<6.0.0)"]

[[package]]
name = "prompt-toolkit"
version = "3.0.30"
description = "Library for building powerful interactive command lines in Python"
optional = false
python-versions = ">=3.6.2"
files = [
    {file = "prompt_toolkit-3.0.30-py3-none-any.whl", hash = "sha256:d8916d3f62a7b67ab353a952ce4ced6a1d2587dfe9ef8ebc30dd7c386751f289"},
    {file = "prompt_toolkit-3.0.30.tar.gz", hash = "sha256:859b283c50bde45f5f97829f77a4674d1c1fcd88539364f1b28a37805cfd89c0"},
]

[package.dependencies]
wcwidth = "*"

[[package]]
name = "protobuf"
version = "3.20.1"
description = "Protocol Buffers"
optional = false
python-versions = ">=3.7"
files = [
    {file = "protobuf-3.20.1-cp310-cp310-macosx_10_9_universal2.whl", hash = "sha256:3cc797c9d15d7689ed507b165cd05913acb992d78b379f6014e013f9ecb20996"},
    {file = "protobuf-3.20.1-cp310-cp310-manylinux2014_aarch64.whl", hash = "sha256:ff8d8fa42675249bb456f5db06c00de6c2f4c27a065955917b28c4f15978b9c3"},
    {file = "protobuf-3.20.1-cp310-cp310-manylinux_2_12_x86_64.manylinux2010_x86_64.whl", hash = "sha256:cd68be2559e2a3b84f517fb029ee611546f7812b1fdd0aa2ecc9bc6ec0e4fdde"},
    {file = "protobuf-3.20.1-cp310-cp310-win32.whl", hash = "sha256:9016d01c91e8e625141d24ec1b20fed584703e527d28512aa8c8707f105a683c"},
    {file = "protobuf-3.20.1-cp310-cp310-win_amd64.whl", hash = "sha256:32ca378605b41fd180dfe4e14d3226386d8d1b002ab31c969c366549e66a2bb7"},
    {file = "protobuf-3.20.1-cp36-cp36m-macosx_10_9_x86_64.whl", hash = "sha256:9be73ad47579abc26c12024239d3540e6b765182a91dbc88e23658ab71767153"},
    {file = "protobuf-3.20.1-cp36-cp36m-manylinux_2_5_x86_64.manylinux1_x86_64.whl", hash = "sha256:097c5d8a9808302fb0da7e20edf0b8d4703274d140fd25c5edabddcde43e081f"},
    {file = "protobuf-3.20.1-cp37-cp37m-macosx_10_9_x86_64.whl", hash = "sha256:e250a42f15bf9d5b09fe1b293bdba2801cd520a9f5ea2d7fb7536d4441811d20"},
    {file = "protobuf-3.20.1-cp37-cp37m-manylinux2014_aarch64.whl", hash = "sha256:cdee09140e1cd184ba9324ec1df410e7147242b94b5f8b0c64fc89e38a8ba531"},
    {file = "protobuf-3.20.1-cp37-cp37m-manylinux_2_5_x86_64.manylinux1_x86_64.whl", hash = "sha256:af0ebadc74e281a517141daad9d0f2c5d93ab78e9d455113719a45a49da9db4e"},
    {file = "protobuf-3.20.1-cp37-cp37m-win32.whl", hash = "sha256:755f3aee41354ae395e104d62119cb223339a8f3276a0cd009ffabfcdd46bb0c"},
    {file = "protobuf-3.20.1-cp37-cp37m-win_amd64.whl", hash = "sha256:62f1b5c4cd6c5402b4e2d63804ba49a327e0c386c99b1675c8a0fefda23b2067"},
    {file = "protobuf-3.20.1-cp38-cp38-macosx_10_9_x86_64.whl", hash = "sha256:06059eb6953ff01e56a25cd02cca1a9649a75a7e65397b5b9b4e929ed71d10cf"},
    {file = "protobuf-3.20.1-cp38-cp38-manylinux2014_aarch64.whl", hash = "sha256:cb29edb9eab15742d791e1025dd7b6a8f6fcb53802ad2f6e3adcb102051063ab"},
    {file = "protobuf-3.20.1-cp38-cp38-manylinux_2_5_x86_64.manylinux1_x86_64.whl", hash = "sha256:69ccfdf3657ba59569c64295b7d51325f91af586f8d5793b734260dfe2e94e2c"},
    {file = "protobuf-3.20.1-cp38-cp38-win32.whl", hash = "sha256:dd5789b2948ca702c17027c84c2accb552fc30f4622a98ab5c51fcfe8c50d3e7"},
    {file = "protobuf-3.20.1-cp38-cp38-win_amd64.whl", hash = "sha256:77053d28427a29987ca9caf7b72ccafee011257561259faba8dd308fda9a8739"},
    {file = "protobuf-3.20.1-cp39-cp39-macosx_10_9_x86_64.whl", hash = "sha256:6f50601512a3d23625d8a85b1638d914a0970f17920ff39cec63aaef80a93fb7"},
    {file = "protobuf-3.20.1-cp39-cp39-manylinux2014_aarch64.whl", hash = "sha256:284f86a6207c897542d7e956eb243a36bb8f9564c1742b253462386e96c6b78f"},
    {file = "protobuf-3.20.1-cp39-cp39-manylinux_2_5_x86_64.manylinux1_x86_64.whl", hash = "sha256:7403941f6d0992d40161aa8bb23e12575637008a5a02283a930addc0508982f9"},
    {file = "protobuf-3.20.1-cp39-cp39-win32.whl", hash = "sha256:db977c4ca738dd9ce508557d4fce0f5aebd105e158c725beec86feb1f6bc20d8"},
    {file = "protobuf-3.20.1-cp39-cp39-win_amd64.whl", hash = "sha256:7e371f10abe57cee5021797126c93479f59fccc9693dafd6bd5633ab67808a91"},
    {file = "protobuf-3.20.1-py2.py3-none-any.whl", hash = "sha256:adfc6cf69c7f8c50fd24c793964eef18f0ac321315439d94945820612849c388"},
    {file = "protobuf-3.20.1.tar.gz", hash = "sha256:adc31566d027f45efe3f44eeb5b1f329da43891634d61c75a5944e9be6dd42c9"},
]

[[package]]
name = "protobuf3-to-dict"
version = "0.1.5"
description = "Ben Hodgson: A teeny Python library for creating Python dicts from protocol buffers and the reverse. Useful as an intermediate step before serialisation (e.g. to JSON). Kapor: upgrade it to PB3 and PY3, rename it to protobuf3-to-dict"
optional = false
python-versions = "*"
files = [
    {file = "protobuf3-to-dict-0.1.5.tar.gz", hash = "sha256:1e42c25b5afb5868e3a9b1962811077e492c17557f9c66f0fe40d821375d2b5a"},
]

[package.dependencies]
protobuf = ">=2.3.0"
six = "*"

[[package]]
name = "ptpython"
version = "3.0.20"
description = "Python REPL build on top of prompt_toolkit"
optional = false
python-versions = ">=3.6"
files = [
    {file = "ptpython-3.0.20-py2.py3-none-any.whl", hash = "sha256:99636899ab0e4d026e2ecc9368269114f387b4bb5411e57f072b0bde724d9f99"},
    {file = "ptpython-3.0.20.tar.gz", hash = "sha256:eafd4ced27ca5dc370881d4358d1ab5041b32d88d31af8e3c24167fe4af64ed6"},
]

[package.dependencies]
appdirs = "*"
jedi = ">=0.16.0"
prompt-toolkit = ">=3.0.18,<3.1.0"
pygments = "*"

[package.extras]
all = ["black"]
ptipython = ["ipython"]

[[package]]
name = "pygments"
version = "2.13.0"
description = "Pygments is a syntax highlighting package written in Python."
optional = false
python-versions = ">=3.6"
files = [
    {file = "Pygments-2.13.0-py3-none-any.whl", hash = "sha256:f643f331ab57ba3c9d89212ee4a2dabc6e94f117cf4eefde99a0574720d14c42"},
    {file = "Pygments-2.13.0.tar.gz", hash = "sha256:56a8508ae95f98e2b9bdf93a6be5ae3f7d8af858b43e02c5a2ff083726be40c1"},
]

[package.extras]
plugins = ["importlib-metadata"]

[[package]]
name = "setuptools"
version = "67.6.0"
description = "Easily download, build, install, upgrade, and uninstall Python packages"
optional = false
python-versions = ">=3.7"
files = [
    {file = "setuptools-67.6.0-py3-none-any.whl", hash = "sha256:b78aaa36f6b90a074c1fa651168723acbf45d14cb1196b6f02c0fd07f17623b2"},
    {file = "setuptools-67.6.0.tar.gz", hash = "sha256:2ee892cd5f29f3373097f5a814697e397cf3ce313616df0af11231e2ad118077"},
]

[package.extras]
docs = ["furo", "jaraco.packaging (>=9)", "jaraco.tidelift (>=1.4)", "pygments-github-lexers (==0.0.5)", "rst.linker (>=1.9)", "sphinx (>=3.5)", "sphinx-favicon", "sphinx-hoverxref (<2)", "sphinx-inline-tabs", "sphinx-lint", "sphinx-notfound-page (==0.8.3)", "sphinx-reredirects", "sphinxcontrib-towncrier"]
testing = ["build[virtualenv]", "filelock (>=3.4.0)", "flake8 (<5)", "flake8-2020", "ini2toml[lite] (>=0.9)", "jaraco.envs (>=2.2)", "jaraco.path (>=3.2.0)", "pip (>=19.1)", "pip-run (>=8.8)", "pytest (>=6)", "pytest-black (>=0.3.7)", "pytest-checkdocs (>=2.4)", "pytest-cov", "pytest-enabler (>=1.3)", "pytest-flake8", "pytest-mypy (>=0.9.1)", "pytest-perf", "pytest-timeout", "pytest-xdist", "tomli-w (>=1.0.0)", "virtualenv (>=13.0.0)", "wheel"]
testing-integration = ["build[virtualenv]", "filelock (>=3.4.0)", "jaraco.envs (>=2.2)", "jaraco.path (>=3.2.0)", "pytest", "pytest-enabler", "pytest-xdist", "tomli", "virtualenv (>=13.0.0)", "wheel"]

[[package]]
name = "sh"
version = "2.0.2"
description = "Python subprocess replacement"
optional = false
python-versions = ">=3.8.1,<4.0"
files = [
    {file = "sh-2.0.2-py3-none-any.whl", hash = "sha256:a6208566c168a47ba46a3b5eeda0c9125091c2335f3cbb29f664519f90feb19f"},
    {file = "sh-2.0.2.tar.gz", hash = "sha256:364a25cd2380c3170c46718fe3cc6ffc94b36721e30196a064be508f9b3162f4"},
]

[[package]]
name = "six"
version = "1.16.0"
description = "Python 2 and 3 compatibility utilities"
optional = false
python-versions = ">=2.7, !=3.0.*, !=3.1.*, !=3.2.*"
files = [
    {file = "six-1.16.0-py2.py3-none-any.whl", hash = "sha256:8abb2f1d86890a2dfb989f9a77cfcfd3e47c2a354b01111771326f8aa26e0254"},
    {file = "six-1.16.0.tar.gz", hash = "sha256:1e61c37477a1626458e36f7b1d82aa5c9b094fa4802892072e49de9c60c4c926"},
]

[[package]]
name = "wcwidth"
version = "0.2.5"
description = "Measures the displayed width of unicode strings in a terminal"
optional = false
python-versions = "*"
files = [
    {file = "wcwidth-0.2.5-py2.py3-none-any.whl", hash = "sha256:beb4802a9cebb9144e99086eff703a642a13d6a0052920003a230f3294bbe784"},
    {file = "wcwidth-0.2.5.tar.gz", hash = "sha256:c4d647b99872929fdb7bdcaa4fbe7f01413ed3d98077df798530e5b04f116c83"},
]

[[package]]
name = "yachalk"
version = "0.1.5"
description = "🖍️ Terminal string styling done right"
optional = false
python-versions = "*"
files = [
    {file = "yachalk-0.1.5-py3-none-any.whl", hash = "sha256:fe389be1d574a3be00e0b849f1c0767f81da5bdfed9b122da07e6861e27c1c62"},
    {file = "yachalk-0.1.5.tar.gz", hash = "sha256:cac3b66a198a280f06adfde82f1604aecd9dd5ffc372a02b4f36d79ec499798a"},
]

[package.dependencies]
importlib-resources = "*"
setuptools = "*"

[[package]]
name = "zipp"
version = "3.8.1"
description = "Backport of pathlib-compatible object wrapper for zip files"
optional = false
python-versions = ">=3.7"
files = [
    {file = "zipp-3.8.1-py3-none-any.whl", hash = "sha256:47c40d7fe183a6f21403a199b3e4192cca5774656965b0a4988ad2f8feb5f009"},
    {file = "zipp-3.8.1.tar.gz", hash = "sha256:05b45f1ee8f807d0cc928485ca40a07cb491cf092ff587c0df9cb1fd154848d2"},
]

[package.extras]
docs = ["jaraco.packaging (>=9)", "jaraco.tidelift (>=1.4)", "rst.linker (>=1.9)", "sphinx"]
testing = ["func-timeout", "jaraco.itertools", "pytest (>=6)", "pytest-black (>=0.3.7)", "pytest-checkdocs (>=2.4)", "pytest-cov", "pytest-enabler (>=1.3)", "pytest-flake8", "pytest-mypy (>=0.9.1)"]

[metadata]
lock-version = "2.0"
python-versions = ">=3.8.1,<4.0"
content-hash = "58d9977a7596f9bc93e692bca8fd70a02cb81a098a32bf566d6ec80d44a31e6c"
